# THIS IS AN AUTOGENERATED FILE. DO NOT EDIT THIS FILE DIRECTLY.
# yarn lockfile v1


async@^3:
  version "3.2.0"
  resolved "https://registry.yarnpkg.com/async/-/async-3.2.0.tgz#b3a2685c5ebb641d3de02d161002c60fc9f85720"
  integrity sha512-TR2mEZFVOj2pLStYxLht7TyfuRzaydfpxr3k9RpHIzMgw7A64dzsdqCxH1WJyQdoe8T10nDXd9wnEigmiuHIZw==

systeminformation@^5.7.8:
  version "5.7.8"
  resolved "https://registry.yarnpkg.com/systeminformation/-/systeminformation-5.7.8.tgz#92bea0b28f3a04c5b3a9791ba34313ec6cdd8cb3"
  integrity sha512-gpFGDPtOtWDxMaQ6/7oe2XM/4ErgSvev1l3sdxChnm1AqDJKzZ3cu+VK7Dq1N02pChPiNNsIbUwe6dCLixfWRg==

vcd-parser@^1.0.1:
  version "1.0.1"
  resolved "https://registry.yarnpkg.com/vcd-parser/-/vcd-parser-1.0.1.tgz#9e705c3f778baa23e3a32d64e7a058a3cf866cf7"
  integrity sha512-3b4y62o6JhNEhUbVryVFnSp5mooWy6fVJXSbAeTgO/h8zCRY0+Hmiz+qzpj6Ucuq12WRvWPVU2LWUFvYCveLLA==
  dependencies:
    async "^3"
